
Microsoft Visual Studio Solution File, Format Version 12.00
# Visual Studio Version 16
VisualStudioVersion = 16.0.31402.337
MinimumVisualStudioVersion = 10.0.40219.1
Project("{FAE04EC0-301F-11D3-BF4B-00C04F79EFBC}") = "Bankclass", "Bankclass\Bankclass.csproj", "{8F430292-7501-4BD8-9D84-F8EBAB983B47}"
EndProject
Global
	GlobalSection(SolutionConfigurationPlatforms) = preSolution
		Debug|Any CPU = Debug|Any CPU
		Release|Any CPU = Release|Any CPU
	EndGlobalSection
	GlobalSection(ProjectConfigurationPlatforms) = postSolution
		{8F430292-7501-4BD8-9D84-F8EBAB983B47}.Debug|Any CPU.ActiveCfg = Debug|Any CPU
		{8F430292-7501-4BD8-9D84-F8EBAB983B47}.Debug|Any CPU.Build.0 = Debug|Any CPU
		{8F430292-7501-4BD8-9D84-F8EBAB983B47}.Release|Any CPU.ActiveCfg = Release|Any CPU
		{8F430292-7501-4BD8-9D84-F8EBAB983B47}.Release|Any CPU.Build.0 = Release|Any CPU
	EndGlobalSection
	GlobalSection(SolutionProperties) = preSolution
		HideSolutionNode = FALSE
	EndGlobalSection
	GlobalSection(ExtensibilityGlobals) = postSolution
		SolutionGuid = {DA0EA5BA-F8F3-4CE6-B201-9745CB0DD4B2}
	EndGlobalSection
EndGlobal
